
Microsoft Visual Studio Solution File, Format Version 12.00
# Visual Studio Version 16
VisualStudioVersion = 16.0.29519.87
MinimumVisualStudioVersion = 10.0.40219.1
Project("{FAE04EC0-301F-11D3-BF4B-00C04F79EFBC}") = "ImageAlg", "ImagAlg\ImageAlg.csproj", "{65F6AC09-7CF3-4D51-AEFA-6F45BAC46066}"
EndProject
Project("{FAE04EC0-301F-11D3-BF4B-00C04F79EFBC}") = "AlgInterface", "AlgInterface\AlgInterface.csproj", "{FDC011C4-CE50-4CFF-9FFE-6A4880139B9A}"
EndProject
Project("{FAE04EC0-301F-11D3-BF4B-00C04F79EFBC}") = "GrayscaleAlg", "GrayScaleAlg\GrayscaleAlg.csproj", "{FFA1EFE4-B02E-47B7-B06E-6E69AC23C56A}"
EndProject
Project("{FAE04EC0-301F-11D3-BF4B-00C04F79EFBC}") = "FlipImageAlg", "FlipImageAlg\FlipImageAlg.csproj", "{69ADDF05-FFE7-43C2-B6FE-E341016359BD}"
EndProject
Project("{FAE04EC0-301F-11D3-BF4B-00C04F79EFBC}") = "RedFilterAlg", "RedFilterAlg\RedFilterAlg.csproj", "{B4C17DE3-779E-4F3B-B654-333595721000}"
EndProject
Project("{FAE04EC0-301F-11D3-BF4B-00C04F79EFBC}") = "InvertAlg", "InvertAlg\InvertAlg.csproj", "{9792694E-D618-4AA5-84DD-CC0CB6632073}"
EndProject
Global
	GlobalSection(SolutionConfigurationPlatforms) = preSolution
		Debug|Any CPU = Debug|Any CPU
		Release|Any CPU = Release|Any CPU
	EndGlobalSection
	GlobalSection(ProjectConfigurationPlatforms) = postSolution
		{65F6AC09-7CF3-4D51-AEFA-6F45BAC46066}.Debug|Any CPU.ActiveCfg = Debug|Any CPU
		{65F6AC09-7CF3-4D51-AEFA-6F45BAC46066}.Debug|Any CPU.Build.0 = Debug|Any CPU
		{65F6AC09-7CF3-4D51-AEFA-6F45BAC46066}.Release|Any CPU.ActiveCfg = Release|Any CPU
		{65F6AC09-7CF3-4D51-AEFA-6F45BAC46066}.Release|Any CPU.Build.0 = Release|Any CPU
		{FDC011C4-CE50-4CFF-9FFE-6A4880139B9A}.Debug|Any CPU.ActiveCfg = Debug|Any CPU
		{FDC011C4-CE50-4CFF-9FFE-6A4880139B9A}.Debug|Any CPU.Build.0 = Debug|Any CPU
		{FDC011C4-CE50-4CFF-9FFE-6A4880139B9A}.Release|Any CPU.ActiveCfg = Release|Any CPU
		{FDC011C4-CE50-4CFF-9FFE-6A4880139B9A}.Release|Any CPU.Build.0 = Release|Any CPU
		{FFA1EFE4-B02E-47B7-B06E-6E69AC23C56A}.Debug|Any CPU.ActiveCfg = Debug|Any CPU
		{FFA1EFE4-B02E-47B7-B06E-6E69AC23C56A}.Debug|Any CPU.Build.0 = Debug|Any CPU
		{FFA1EFE4-B02E-47B7-B06E-6E69AC23C56A}.Release|Any CPU.ActiveCfg = Release|Any CPU
		{FFA1EFE4-B02E-47B7-B06E-6E69AC23C56A}.Release|Any CPU.Build.0 = Release|Any CPU
		{69ADDF05-FFE7-43C2-B6FE-E341016359BD}.Debug|Any CPU.ActiveCfg = Debug|Any CPU
		{69ADDF05-FFE7-43C2-B6FE-E341016359BD}.Debug|Any CPU.Build.0 = Debug|Any CPU
		{69ADDF05-FFE7-43C2-B6FE-E341016359BD}.Release|Any CPU.ActiveCfg = Release|Any CPU
		{69ADDF05-FFE7-43C2-B6FE-E341016359BD}.Release|Any CPU.Build.0 = Release|Any CPU
		{B4C17DE3-779E-4F3B-B654-333595721000}.Debug|Any CPU.ActiveCfg = Debug|Any CPU
		{B4C17DE3-779E-4F3B-B654-333595721000}.Debug|Any CPU.Build.0 = Debug|Any CPU
		{B4C17DE3-779E-4F3B-B654-333595721000}.Release|Any CPU.ActiveCfg = Release|Any CPU
		{B4C17DE3-779E-4F3B-B654-333595721000}.Release|Any CPU.Build.0 = Release|Any CPU
		{9792694E-D618-4AA5-84DD-CC0CB6632073}.Debug|Any CPU.ActiveCfg = Debug|Any CPU
		{9792694E-D618-4AA5-84DD-CC0CB6632073}.Debug|Any CPU.Build.0 = Debug|Any CPU
		{9792694E-D618-4AA5-84DD-CC0CB6632073}.Release|Any CPU.ActiveCfg = Release|Any CPU
		{9792694E-D618-4AA5-84DD-CC0CB6632073}.Release|Any CPU.Build.0 = Release|Any CPU
	EndGlobalSection
	GlobalSection(SolutionProperties) = preSolution
		HideSolutionNode = FALSE
	EndGlobalSection
	GlobalSection(ExtensibilityGlobals) = postSolution
		SolutionGuid = {E2140A0A-E46C-449F-BA88-B7084D4FA763}
	EndGlobalSection
EndGlobal
